
Microsoft Visual Studio Solution File, Format Version 12.00
# Visual Studio Version 17
VisualStudioVersion = 17.3.32929.385
MinimumVisualStudioVersion = 10.0.40219.1
Project("{FAE04EC0-301F-11D3-BF4B-00C04F79EFBC}") = "5gyakofk9kq", "5gyakofk9kq\5gyakofk9kq.csproj", "{7D561095-E624-4B00-8B11-7CD02D00A78B}"
EndProject
Global
	GlobalSection(SolutionConfigurationPlatforms) = preSolution
		Debug|Any CPU = Debug|Any CPU
		Release|Any CPU = Release|Any CPU
	EndGlobalSection
	GlobalSection(ProjectConfigurationPlatforms) = postSolution
		{7D561095-E624-4B00-8B11-7CD02D00A78B}.Debug|Any CPU.ActiveCfg = Debug|Any CPU
		{7D561095-E624-4B00-8B11-7CD02D00A78B}.Debug|Any CPU.Build.0 = Debug|Any CPU
		{7D561095-E624-4B00-8B11-7CD02D00A78B}.Release|Any CPU.ActiveCfg = Release|Any CPU
		{7D561095-E624-4B00-8B11-7CD02D00A78B}.Release|Any CPU.Build.0 = Release|Any CPU
	EndGlobalSection
	GlobalSection(SolutionProperties) = preSolution
		HideSolutionNode = FALSE
	EndGlobalSection
	GlobalSection(ExtensibilityGlobals) = postSolution
		SolutionGuid = {2832CEEC-A340-450A-A05C-C58E36F6EFE3}
	EndGlobalSection
EndGlobal
