
Microsoft Visual Studio Solution File, Format Version 12.00
# Visual Studio Version 17
VisualStudioVersion = 17.3.32929.385
MinimumVisualStudioVersion = 10.0.40219.1
Project("{FAE04EC0-301F-11D3-BF4B-00C04F79EFBC}") = "hét10", "hét10\hét10.csproj", "{86DDA3CB-C490-41E3-B8D5-6CB2863B9124}"
EndProject
Global
	GlobalSection(SolutionConfigurationPlatforms) = preSolution
		Debug|Any CPU = Debug|Any CPU
		Release|Any CPU = Release|Any CPU
	EndGlobalSection
	GlobalSection(ProjectConfigurationPlatforms) = postSolution
		{86DDA3CB-C490-41E3-B8D5-6CB2863B9124}.Debug|Any CPU.ActiveCfg = Debug|Any CPU
		{86DDA3CB-C490-41E3-B8D5-6CB2863B9124}.Debug|Any CPU.Build.0 = Debug|Any CPU
		{86DDA3CB-C490-41E3-B8D5-6CB2863B9124}.Release|Any CPU.ActiveCfg = Release|Any CPU
		{86DDA3CB-C490-41E3-B8D5-6CB2863B9124}.Release|Any CPU.Build.0 = Release|Any CPU
	EndGlobalSection
	GlobalSection(SolutionProperties) = preSolution
		HideSolutionNode = FALSE
	EndGlobalSection
	GlobalSection(ExtensibilityGlobals) = postSolution
		SolutionGuid = {9C7D2F96-A6F7-4B93-953C-A69EEEB135B4}
	EndGlobalSection
EndGlobal
